# This file is automatically @generated by Cargo.
# It is not intended for manual editing.
version = 3

[[package]]
name = "libfmod"
version = "2.2.604"
source = "registry+https://github.com/rust-lang/crates.io-index"
checksum = "fded1643700442db7f603dd8fb4bc2c18ed4fa3cd56d3f3a387b86ce3ecf9611"

[[package]]
name = "test_libfmod"
version = "0.1.0"
dependencies = [
 "libfmod",
]
